
Microsoft Visual Studio Solution File, Format Version 12.00
# Visual Studio Version 17
VisualStudioVersion = 17.9.34310.174
MinimumVisualStudioVersion = 10.0.40219.1
Project("{FAE04EC0-301F-11D3-BF4B-00C04F79EFBC}") = "ProceedixDemoApp", "ProceedixDemoApp\ProceedixDemoApp.csproj", "{32951BF3-090E-46DE-A91C-6338DDD998AF}"
EndProject
Project("{E53339B2-1760-4266-BCC7-CA923CBCF16C}") = "docker-compose", "docker-compose.dcproj", "{B97BBD7B-5735-4A40-ABD9-452EBAF530B5}"
EndProject
Global
	GlobalSection(SolutionConfigurationPlatforms) = preSolution
		Debug|Any CPU = Debug|Any CPU
		Release|Any CPU = Release|Any CPU
	EndGlobalSection
	GlobalSection(ProjectConfigurationPlatforms) = postSolution
		{32951BF3-090E-46DE-A91C-6338DDD998AF}.Debug|Any CPU.ActiveCfg = Debug|Any CPU
		{32951BF3-090E-46DE-A91C-6338DDD998AF}.Debug|Any CPU.Build.0 = Debug|Any CPU
		{32951BF3-090E-46DE-A91C-6338DDD998AF}.Release|Any CPU.ActiveCfg = Release|Any CPU
		{32951BF3-090E-46DE-A91C-6338DDD998AF}.Release|Any CPU.Build.0 = Release|Any CPU
		{B97BBD7B-5735-4A40-ABD9-452EBAF530B5}.Debug|Any CPU.ActiveCfg = Debug|Any CPU
		{B97BBD7B-5735-4A40-ABD9-452EBAF530B5}.Debug|Any CPU.Build.0 = Debug|Any CPU
		{B97BBD7B-5735-4A40-ABD9-452EBAF530B5}.Release|Any CPU.ActiveCfg = Release|Any CPU
		{B97BBD7B-5735-4A40-ABD9-452EBAF530B5}.Release|Any CPU.Build.0 = Release|Any CPU
	EndGlobalSection
	GlobalSection(SolutionProperties) = preSolution
		HideSolutionNode = FALSE
	EndGlobalSection
	GlobalSection(ExtensibilityGlobals) = postSolution
		SolutionGuid = {09606417-0151-4440-A0B6-FFA2C9151416}
	EndGlobalSection
EndGlobal
